
Microsoft Visual Studio Solution File, Format Version 12.00
# Visual Studio Version 16
VisualStudioVersion = 16.0.32106.194
MinimumVisualStudioVersion = 10.0.40219.1
Project("{FAE04EC0-301F-11D3-BF4B-00C04F79EFBC}") = "BankRobber", "BankRobber\BankRobber.csproj", "{5810DF79-68F8-42B1-89E8-C40BD4F7CB0A}"
EndProject
Project("{FAE04EC0-301F-11D3-BF4B-00C04F79EFBC}") = "FindPassword", "FindPassword\FindPassword.csproj", "{A563DCE6-4222-4751-8F8C-1A3493109596}"
EndProject
Global
	GlobalSection(SolutionConfigurationPlatforms) = preSolution
		Debug|Any CPU = Debug|Any CPU
		Release|Any CPU = Release|Any CPU
	EndGlobalSection
	GlobalSection(ProjectConfigurationPlatforms) = postSolution
		{5810DF79-68F8-42B1-89E8-C40BD4F7CB0A}.Debug|Any CPU.ActiveCfg = Debug|Any CPU
		{5810DF79-68F8-42B1-89E8-C40BD4F7CB0A}.Debug|Any CPU.Build.0 = Debug|Any CPU
		{5810DF79-68F8-42B1-89E8-C40BD4F7CB0A}.Release|Any CPU.ActiveCfg = Release|Any CPU
		{5810DF79-68F8-42B1-89E8-C40BD4F7CB0A}.Release|Any CPU.Build.0 = Release|Any CPU
		{A563DCE6-4222-4751-8F8C-1A3493109596}.Debug|Any CPU.ActiveCfg = Debug|Any CPU
		{A563DCE6-4222-4751-8F8C-1A3493109596}.Debug|Any CPU.Build.0 = Debug|Any CPU
		{A563DCE6-4222-4751-8F8C-1A3493109596}.Release|Any CPU.ActiveCfg = Release|Any CPU
		{A563DCE6-4222-4751-8F8C-1A3493109596}.Release|Any CPU.Build.0 = Release|Any CPU
	EndGlobalSection
	GlobalSection(SolutionProperties) = preSolution
		HideSolutionNode = FALSE
	EndGlobalSection
	GlobalSection(ExtensibilityGlobals) = postSolution
		SolutionGuid = {E3017500-AC67-4F81-AD5A-52F9779E1604}
	EndGlobalSection
EndGlobal
